
Microsoft Visual Studio Solution File, Format Version 12.00
# Visual Studio 15
VisualStudioVersion = 15.0.28307.329
MinimumVisualStudioVersion = 10.0.40219.1
Project("{FAE04EC0-301F-11D3-BF4B-00C04F79EFBC}") = "AppliMeteo.Android", "AppliMeteo\AppliMeteo.Android\AppliMeteo.Android.csproj", "{E021C1B8-6F4F-47DF-8342-102CC8F0A716}"
EndProject
Project("{FAE04EC0-301F-11D3-BF4B-00C04F79EFBC}") = "AppliMeteo.UWP", "AppliMeteo\AppliMeteo.UWP\AppliMeteo.UWP.csproj", "{EE101436-2203-4563-BAA9-F4CB36A34E14}"
EndProject
Project("{9A19103F-16F7-4668-BE54-9A1E7A4F7556}") = "AppliMeteo", "AppliMeteo\AppliMeteo\AppliMeteo.csproj", "{300956B9-4AC0-4778-A779-ED534312C902}"
EndProject
Global
	GlobalSection(SolutionConfigurationPlatforms) = preSolution
		Debug|Any CPU = Debug|Any CPU
		Debug|ARM = Debug|ARM
		Debug|x64 = Debug|x64
		Debug|x86 = Debug|x86
		Release|Any CPU = Release|Any CPU
		Release|ARM = Release|ARM
		Release|x64 = Release|x64
		Release|x86 = Release|x86
	EndGlobalSection
	GlobalSection(ProjectConfigurationPlatforms) = postSolution
		{E021C1B8-6F4F-47DF-8342-102CC8F0A716}.Debug|Any CPU.ActiveCfg = Debug|Any CPU
		{E021C1B8-6F4F-47DF-8342-102CC8F0A716}.Debug|Any CPU.Build.0 = Debug|Any CPU
		{E021C1B8-6F4F-47DF-8342-102CC8F0A716}.Debug|Any CPU.Deploy.0 = Debug|Any CPU
		{E021C1B8-6F4F-47DF-8342-102CC8F0A716}.Debug|ARM.ActiveCfg = Debug|Any CPU
		{E021C1B8-6F4F-47DF-8342-102CC8F0A716}.Debug|ARM.Build.0 = Debug|Any CPU
		{E021C1B8-6F4F-47DF-8342-102CC8F0A716}.Debug|ARM.Deploy.0 = Debug|Any CPU
		{E021C1B8-6F4F-47DF-8342-102CC8F0A716}.Debug|x64.ActiveCfg = Debug|Any CPU
		{E021C1B8-6F4F-47DF-8342-102CC8F0A716}.Debug|x64.Build.0 = Debug|Any CPU
		{E021C1B8-6F4F-47DF-8342-102CC8F0A716}.Debug|x64.Deploy.0 = Debug|Any CPU
		{E021C1B8-6F4F-47DF-8342-102CC8F0A716}.Debug|x86.ActiveCfg = Debug|Any CPU
		{E021C1B8-6F4F-47DF-8342-102CC8F0A716}.Debug|x86.Build.0 = Debug|Any CPU
		{E021C1B8-6F4F-47DF-8342-102CC8F0A716}.Debug|x86.Deploy.0 = Debug|Any CPU
		{E021C1B8-6F4F-47DF-8342-102CC8F0A716}.Release|Any CPU.ActiveCfg = Release|Any CPU
		{E021C1B8-6F4F-47DF-8342-102CC8F0A716}.Release|Any CPU.Build.0 = Release|Any CPU
		{E021C1B8-6F4F-47DF-8342-102CC8F0A716}.Release|Any CPU.Deploy.0 = Release|Any CPU
		{E021C1B8-6F4F-47DF-8342-102CC8F0A716}.Release|ARM.ActiveCfg = Release|Any CPU
		{E021C1B8-6F4F-47DF-8342-102CC8F0A716}.Release|ARM.Build.0 = Release|Any CPU
		{E021C1B8-6F4F-47DF-8342-102CC8F0A716}.Release|ARM.Deploy.0 = Release|Any CPU
		{E021C1B8-6F4F-47DF-8342-102CC8F0A716}.Release|x64.ActiveCfg = Release|Any CPU
		{E021C1B8-6F4F-47DF-8342-102CC8F0A716}.Release|x64.Build.0 = Release|Any CPU
		{E021C1B8-6F4F-47DF-8342-102CC8F0A716}.Release|x64.Deploy.0 = Release|Any CPU
		{E021C1B8-6F4F-47DF-8342-102CC8F0A716}.Release|x86.ActiveCfg = Release|Any CPU
		{E021C1B8-6F4F-47DF-8342-102CC8F0A716}.Release|x86.Build.0 = Release|Any CPU
		{E021C1B8-6F4F-47DF-8342-102CC8F0A716}.Release|x86.Deploy.0 = Release|Any CPU
		{EE101436-2203-4563-BAA9-F4CB36A34E14}.Debug|Any CPU.ActiveCfg = Debug|x86
		{EE101436-2203-4563-BAA9-F4CB36A34E14}.Debug|Any CPU.Build.0 = Debug|x86
		{EE101436-2203-4563-BAA9-F4CB36A34E14}.Debug|Any CPU.Deploy.0 = Debug|x86
		{EE101436-2203-4563-BAA9-F4CB36A34E14}.Debug|ARM.ActiveCfg = Debug|ARM
		{EE101436-2203-4563-BAA9-F4CB36A34E14}.Debug|ARM.Build.0 = Debug|ARM
		{EE101436-2203-4563-BAA9-F4CB36A34E14}.Debug|ARM.Deploy.0 = Debug|ARM
		{EE101436-2203-4563-BAA9-F4CB36A34E14}.Debug|x64.ActiveCfg = Debug|x64
		{EE101436-2203-4563-BAA9-F4CB36A34E14}.Debug|x64.Build.0 = Debug|x64
		{EE101436-2203-4563-BAA9-F4CB36A34E14}.Debug|x64.Deploy.0 = Debug|x64
		{EE101436-2203-4563-BAA9-F4CB36A34E14}.Debug|x86.ActiveCfg = Debug|x86
		{EE101436-2203-4563-BAA9-F4CB36A34E14}.Debug|x86.Build.0 = Debug|x86
		{EE101436-2203-4563-BAA9-F4CB36A34E14}.Debug|x86.Deploy.0 = Debug|x86
		{EE101436-2203-4563-BAA9-F4CB36A34E14}.Release|Any CPU.ActiveCfg = Release|x86
		{EE101436-2203-4563-BAA9-F4CB36A34E14}.Release|Any CPU.Build.0 = Release|x86
		{EE101436-2203-4563-BAA9-F4CB36A34E14}.Release|Any CPU.Deploy.0 = Release|x86
		{EE101436-2203-4563-BAA9-F4CB36A34E14}.Release|ARM.ActiveCfg = Release|ARM
		{EE101436-2203-4563-BAA9-F4CB36A34E14}.Release|ARM.Build.0 = Release|ARM
		{EE101436-2203-4563-BAA9-F4CB36A34E14}.Release|ARM.Deploy.0 = Release|ARM
		{EE101436-2203-4563-BAA9-F4CB36A34E14}.Release|x64.ActiveCfg = Release|x64
		{EE101436-2203-4563-BAA9-F4CB36A34E14}.Release|x64.Build.0 = Release|x64
		{EE101436-2203-4563-BAA9-F4CB36A34E14}.Release|x64.Deploy.0 = Release|x64
		{EE101436-2203-4563-BAA9-F4CB36A34E14}.Release|x86.ActiveCfg = Release|x86
		{EE101436-2203-4563-BAA9-F4CB36A34E14}.Release|x86.Build.0 = Release|x86
		{EE101436-2203-4563-BAA9-F4CB36A34E14}.Release|x86.Deploy.0 = Release|x86
		{300956B9-4AC0-4778-A779-ED534312C902}.Debug|Any CPU.ActiveCfg = Debug|Any CPU
		{300956B9-4AC0-4778-A779-ED534312C902}.Debug|Any CPU.Build.0 = Debug|Any CPU
		{300956B9-4AC0-4778-A779-ED534312C902}.Debug|Any CPU.Deploy.0 = Debug|Any CPU
		{300956B9-4AC0-4778-A779-ED534312C902}.Debug|ARM.ActiveCfg = Debug|Any CPU
		{300956B9-4AC0-4778-A779-ED534312C902}.Debug|ARM.Build.0 = Debug|Any CPU
		{300956B9-4AC0-4778-A779-ED534312C902}.Debug|ARM.Deploy.0 = Debug|Any CPU
		{300956B9-4AC0-4778-A779-ED534312C902}.Debug|x64.ActiveCfg = Debug|Any CPU
		{300956B9-4AC0-4778-A779-ED534312C902}.Debug|x64.Build.0 = Debug|Any CPU
		{300956B9-4AC0-4778-A779-ED534312C902}.Debug|x64.Deploy.0 = Debug|Any CPU
		{300956B9-4AC0-4778-A779-ED534312C902}.Debug|x86.ActiveCfg = Debug|Any CPU
		{300956B9-4AC0-4778-A779-ED534312C902}.Debug|x86.Build.0 = Debug|Any CPU
		{300956B9-4AC0-4778-A779-ED534312C902}.Debug|x86.Deploy.0 = Debug|Any CPU
		{300956B9-4AC0-4778-A779-ED534312C902}.Release|Any CPU.ActiveCfg = Release|Any CPU
		{300956B9-4AC0-4778-A779-ED534312C902}.Release|Any CPU.Build.0 = Release|Any CPU
		{300956B9-4AC0-4778-A779-ED534312C902}.Release|Any CPU.Deploy.0 = Release|Any CPU
		{300956B9-4AC0-4778-A779-ED534312C902}.Release|ARM.ActiveCfg = Release|Any CPU
		{300956B9-4AC0-4778-A779-ED534312C902}.Release|ARM.Build.0 = Release|Any CPU
		{300956B9-4AC0-4778-A779-ED534312C902}.Release|ARM.Deploy.0 = Release|Any CPU
		{300956B9-4AC0-4778-A779-ED534312C902}.Release|x64.ActiveCfg = Release|Any CPU
		{300956B9-4AC0-4778-A779-ED534312C902}.Release|x64.Build.0 = Release|Any CPU
		{300956B9-4AC0-4778-A779-ED534312C902}.Release|x64.Deploy.0 = Release|Any CPU
		{300956B9-4AC0-4778-A779-ED534312C902}.Release|x86.ActiveCfg = Release|Any CPU
		{300956B9-4AC0-4778-A779-ED534312C902}.Release|x86.Build.0 = Release|Any CPU
		{300956B9-4AC0-4778-A779-ED534312C902}.Release|x86.Deploy.0 = Release|Any CPU
	EndGlobalSection
	GlobalSection(SolutionProperties) = preSolution
		HideSolutionNode = FALSE
	EndGlobalSection
	GlobalSection(ExtensibilityGlobals) = postSolution
		SolutionGuid = {AD6C0E3A-FDED-4223-B861-A045C4B89BF5}
	EndGlobalSection
EndGlobal
